
Microsoft Visual Studio Solution File, Format Version 12.00
# Visual Studio Version 16
VisualStudioVersion = 16.0.31613.86
MinimumVisualStudioVersion = 10.0.40219.1
Project("{FAE04EC0-301F-11D3-BF4B-00C04F79EFBC}") = "DemoBranches", "DemoBranches\DemoBranches.csproj", "{297186BF-1BE6-4C9F-A8FC-BF2631B2AF8F}"
EndProject
Global
	GlobalSection(SolutionConfigurationPlatforms) = preSolution
		Debug|Any CPU = Debug|Any CPU
		Release|Any CPU = Release|Any CPU
	EndGlobalSection
	GlobalSection(ProjectConfigurationPlatforms) = postSolution
		{297186BF-1BE6-4C9F-A8FC-BF2631B2AF8F}.Debug|Any CPU.ActiveCfg = Debug|Any CPU
		{297186BF-1BE6-4C9F-A8FC-BF2631B2AF8F}.Debug|Any CPU.Build.0 = Debug|Any CPU
		{297186BF-1BE6-4C9F-A8FC-BF2631B2AF8F}.Release|Any CPU.ActiveCfg = Release|Any CPU
		{297186BF-1BE6-4C9F-A8FC-BF2631B2AF8F}.Release|Any CPU.Build.0 = Release|Any CPU
	EndGlobalSection
	GlobalSection(SolutionProperties) = preSolution
		HideSolutionNode = FALSE
	EndGlobalSection
	GlobalSection(ExtensibilityGlobals) = postSolution
		SolutionGuid = {AEFB7175-3AE4-4A1B-AAED-608E82EE1100}
	EndGlobalSection
EndGlobal
